
Microsoft Visual Studio Solution File, Format Version 12.00
Project("{FAE04EC0-301F-11D3-BF4B-00C04F79EFBC}") = "EmployeeWebService", "EmployeeWebService\EmployeeWebService.csproj", "{3B0EB0EA-D285-49E4-BCAB-C8E6CFE1AA89}"
EndProject
Project("{FAE04EC0-301F-11D3-BF4B-00C04F79EFBC}") = "EmployeeWeb", "EmployeeWeb\EmployeeWeb.csproj", "{F70E9B8C-F113-4F4A-9FE2-57734475EBE4}"
EndProject
Global
	GlobalSection(SolutionConfigurationPlatforms) = preSolution
		Debug|Any CPU = Debug|Any CPU
		Release|Any CPU = Release|Any CPU
	EndGlobalSection
	GlobalSection(ProjectConfigurationPlatforms) = postSolution
		{3B0EB0EA-D285-49E4-BCAB-C8E6CFE1AA89}.Debug|Any CPU.ActiveCfg = Debug|Any CPU
		{3B0EB0EA-D285-49E4-BCAB-C8E6CFE1AA89}.Debug|Any CPU.Build.0 = Debug|Any CPU
		{3B0EB0EA-D285-49E4-BCAB-C8E6CFE1AA89}.Release|Any CPU.ActiveCfg = Release|Any CPU
		{3B0EB0EA-D285-49E4-BCAB-C8E6CFE1AA89}.Release|Any CPU.Build.0 = Release|Any CPU
		{F70E9B8C-F113-4F4A-9FE2-57734475EBE4}.Debug|Any CPU.ActiveCfg = Debug|Any CPU
		{F70E9B8C-F113-4F4A-9FE2-57734475EBE4}.Debug|Any CPU.Build.0 = Debug|Any CPU
		{F70E9B8C-F113-4F4A-9FE2-57734475EBE4}.Release|Any CPU.ActiveCfg = Release|Any CPU
		{F70E9B8C-F113-4F4A-9FE2-57734475EBE4}.Release|Any CPU.Build.0 = Release|Any CPU
	EndGlobalSection
EndGlobal
